
Microsoft Visual Studio Solution File, Format Version 12.00
# Visual Studio 15
Project("{FAE04EC0-301F-11D3-BF4B-00C04F79EFBC}") = "Posts.Infrastructure", "Posts.Infrastructure\Posts.Infrastructure.csproj", "{C89191C5-E09A-4882-A398-A0EFF5054B14}"
EndProject
Project("{FAE04EC0-301F-11D3-BF4B-00C04F79EFBC}") = "Posts.Application", "Posts.Application\Posts.Application.csproj", "{1AA4DD3A-C0E7-47C8-84ED-7E76B1C0CDF4}"
EndProject
Project("{FAE04EC0-301F-11D3-BF4B-00C04F79EFBC}") = "Posts.Api", "Posts.Api\Posts.Api.csproj", "{323BA39B-CA43-486E-9A93-E67C19734E8D}"
EndProject
Global
	GlobalSection(SolutionConfigurationPlatforms) = preSolution
		Debug|Any CPU = Debug|Any CPU
		Release|Any CPU = Release|Any CPU
	EndGlobalSection
	GlobalSection(ProjectConfigurationPlatforms) = postSolution
		{C89191C5-E09A-4882-A398-A0EFF5054B14}.Debug|Any CPU.ActiveCfg = Debug|Any CPU
		{C89191C5-E09A-4882-A398-A0EFF5054B14}.Debug|Any CPU.Build.0 = Debug|Any CPU
		{C89191C5-E09A-4882-A398-A0EFF5054B14}.Release|Any CPU.ActiveCfg = Release|Any CPU
		{C89191C5-E09A-4882-A398-A0EFF5054B14}.Release|Any CPU.Build.0 = Release|Any CPU
		{1AA4DD3A-C0E7-47C8-84ED-7E76B1C0CDF4}.Debug|Any CPU.ActiveCfg = Debug|Any CPU
		{1AA4DD3A-C0E7-47C8-84ED-7E76B1C0CDF4}.Debug|Any CPU.Build.0 = Debug|Any CPU
		{1AA4DD3A-C0E7-47C8-84ED-7E76B1C0CDF4}.Release|Any CPU.ActiveCfg = Release|Any CPU
		{1AA4DD3A-C0E7-47C8-84ED-7E76B1C0CDF4}.Release|Any CPU.Build.0 = Release|Any CPU
		{323BA39B-CA43-486E-9A93-E67C19734E8D}.Debug|Any CPU.ActiveCfg = Debug|Any CPU
		{323BA39B-CA43-486E-9A93-E67C19734E8D}.Debug|Any CPU.Build.0 = Debug|Any CPU
		{323BA39B-CA43-486E-9A93-E67C19734E8D}.Release|Any CPU.ActiveCfg = Release|Any CPU
		{323BA39B-CA43-486E-9A93-E67C19734E8D}.Release|Any CPU.Build.0 = Release|Any CPU
	EndGlobalSection
EndGlobal
